
Microsoft Visual Studio Solution File, Format Version 12.00
# Visual Studio Version 17
VisualStudioVersion = 17.5.002.0
MinimumVisualStudioVersion = 10.0.40219.1
Project("{2150E333-8FDC-42A3-9474-1A3956D46DE8}") = "csharp-prep", "csharp-prep", "{7BC69324-F042-4D5E-96E1-5DDD054A17C1}"
EndProject
Project("{9A19103F-16F7-4668-BE54-9A1E7A4F7556}") = "Prep1", "csharp-prep\Prep1\Prep1.csproj", "{AB2CDF35-7314-4068-8E44-AB1D149751FD}"
EndProject
Project("{9A19103F-16F7-4668-BE54-9A1E7A4F7556}") = "Prep2", "csharp-prep\Prep2\Prep2.csproj", "{6B2229A0-47F9-40BF-83CA-C8FE27916C43}"
EndProject
Project("{9A19103F-16F7-4668-BE54-9A1E7A4F7556}") = "Prep3", "csharp-prep\Prep3\Prep3.csproj", "{993F7094-6B9E-4F28-AE67-62166D46224F}"
EndProject
Project("{9A19103F-16F7-4668-BE54-9A1E7A4F7556}") = "Prep4", "csharp-prep\Prep4\Prep4.csproj", "{050BC3F1-DB56-43AD-99B0-429E7692B5D2}"
EndProject
Project("{9A19103F-16F7-4668-BE54-9A1E7A4F7556}") = "Prep5", "csharp-prep\Prep5\Prep5.csproj", "{7EC77344-2599-4773-905A-382D75F54124}"
EndProject
Project("{2150E333-8FDC-42A3-9474-1A3956D46DE8}") = "final", "final", "{7FC3AA84-D4C1-4B72-BBB5-B8AFB507AD13}"
EndProject
Project("{9A19103F-16F7-4668-BE54-9A1E7A4F7556}") = "FinalProject", "final\FinalProject\FinalProject.csproj", "{42A7AFFB-A68C-4F18-BD33-247A81B1B127}"
EndProject
Project("{9A19103F-16F7-4668-BE54-9A1E7A4F7556}") = "Foundation1", "final\Foundation1\Foundation1.csproj", "{4600F5E1-D74C-448C-BF82-56F534E5FC15}"
EndProject
Project("{9A19103F-16F7-4668-BE54-9A1E7A4F7556}") = "Foundation2", "final\Foundation2\Foundation2.csproj", "{82687B51-D986-4452-8FF9-40EE2AC617D4}"
EndProject
Project("{9A19103F-16F7-4668-BE54-9A1E7A4F7556}") = "Foundation3", "final\Foundation3\Foundation3.csproj", "{D1DC60E1-9CDB-4161-99E0-B604FB061F90}"
EndProject
Project("{9A19103F-16F7-4668-BE54-9A1E7A4F7556}") = "Foundation4", "final\Foundation4\Foundation4.csproj", "{07D09C19-36EC-48F1-A702-5C299E2028EA}"
EndProject
Project("{2150E333-8FDC-42A3-9474-1A3956D46DE8}") = "prepare", "prepare", "{49D72064-C5C4-45C9-BA1F-5FB73E26A680}"
EndProject
Project("{9A19103F-16F7-4668-BE54-9A1E7A4F7556}") = "Learning02", "prepare\Learning02\Learning02.csproj", "{A2354B7C-AD1A-40E1-8EB1-3A6ADD3D62A9}"
EndProject
Project("{9A19103F-16F7-4668-BE54-9A1E7A4F7556}") = "Learning03", "prepare\Learning03\Learning03.csproj", "{6BF3FE83-2675-4502-A107-9007FB769FE1}"
EndProject
Project("{9A19103F-16F7-4668-BE54-9A1E7A4F7556}") = "Learning04", "prepare\Learning04\Learning04.csproj", "{0BCC439F-A95E-4E17-A5A5-517FAA8B168D}"
EndProject
Project("{9A19103F-16F7-4668-BE54-9A1E7A4F7556}") = "Learning05", "prepare\Learning05\Learning05.csproj", "{4F13EB13-AF02-41C0-98DE-C3D254BD2C19}"
EndProject
Project("{2150E333-8FDC-42A3-9474-1A3956D46DE8}") = "prove", "prove", "{053B9F56-5960-4B6A-8D02-2595B7E4F2A1}"
EndProject
Project("{9A19103F-16F7-4668-BE54-9A1E7A4F7556}") = "Develop02", "prove\Develop02\Develop02.csproj", "{B5C0F8C0-E405-4225-A824-5FA643741FD8}"
EndProject
Project("{9A19103F-16F7-4668-BE54-9A1E7A4F7556}") = "Develop03", "prove\Develop03\Develop03.csproj", "{1FCA9C68-2669-4E30-9A62-EAABC5BC74A6}"
EndProject
Project("{9A19103F-16F7-4668-BE54-9A1E7A4F7556}") = "Develop04", "prove\Develop04\Develop04.csproj", "{9C0EBF1E-5CE2-4D2D-8EC1-E4E79FA204AC}"
EndProject
Project("{9A19103F-16F7-4668-BE54-9A1E7A4F7556}") = "Develop05", "prove\Develop05\Develop05.csproj", "{2CC6B8C7-7F14-43C4-BED4-074C6189B6FB}"
EndProject
Project("{2150E333-8FDC-42A3-9474-1A3956D46DE8}") = "sandbox", "sandbox", "{2CD9222A-F570-40B6-A5A6-A6CB34916C9A}"
EndProject
Project("{9A19103F-16F7-4668-BE54-9A1E7A4F7556}") = "Sandbox", "sandbox\Sandbox\Sandbox.csproj", "{BCD8EF9E-6CA3-43FA-AD31-AF799D305CDF}"
EndProject
Global
	GlobalSection(SolutionConfigurationPlatforms) = preSolution
		Debug|Any CPU = Debug|Any CPU
		Release|Any CPU = Release|Any CPU
	EndGlobalSection
	GlobalSection(ProjectConfigurationPlatforms) = postSolution
		{AB2CDF35-7314-4068-8E44-AB1D149751FD}.Debug|Any CPU.ActiveCfg = Debug|Any CPU
		{AB2CDF35-7314-4068-8E44-AB1D149751FD}.Debug|Any CPU.Build.0 = Debug|Any CPU
		{AB2CDF35-7314-4068-8E44-AB1D149751FD}.Release|Any CPU.ActiveCfg = Release|Any CPU
		{AB2CDF35-7314-4068-8E44-AB1D149751FD}.Release|Any CPU.Build.0 = Release|Any CPU
		{6B2229A0-47F9-40BF-83CA-C8FE27916C43}.Debug|Any CPU.ActiveCfg = Debug|Any CPU
		{6B2229A0-47F9-40BF-83CA-C8FE27916C43}.Debug|Any CPU.Build.0 = Debug|Any CPU
		{6B2229A0-47F9-40BF-83CA-C8FE27916C43}.Release|Any CPU.ActiveCfg = Release|Any CPU
		{6B2229A0-47F9-40BF-83CA-C8FE27916C43}.Release|Any CPU.Build.0 = Release|Any CPU
		{993F7094-6B9E-4F28-AE67-62166D46224F}.Debug|Any CPU.ActiveCfg = Debug|Any CPU
		{993F7094-6B9E-4F28-AE67-62166D46224F}.Debug|Any CPU.Build.0 = Debug|Any CPU
		{993F7094-6B9E-4F28-AE67-62166D46224F}.Release|Any CPU.ActiveCfg = Release|Any CPU
		{993F7094-6B9E-4F28-AE67-62166D46224F}.Release|Any CPU.Build.0 = Release|Any CPU
		{050BC3F1-DB56-43AD-99B0-429E7692B5D2}.Debug|Any CPU.ActiveCfg = Debug|Any CPU
		{050BC3F1-DB56-43AD-99B0-429E7692B5D2}.Debug|Any CPU.Build.0 = Debug|Any CPU
		{050BC3F1-DB56-43AD-99B0-429E7692B5D2}.Release|Any CPU.ActiveCfg = Release|Any CPU
		{050BC3F1-DB56-43AD-99B0-429E7692B5D2}.Release|Any CPU.Build.0 = Release|Any CPU
		{7EC77344-2599-4773-905A-382D75F54124}.Debug|Any CPU.ActiveCfg = Debug|Any CPU
		{7EC77344-2599-4773-905A-382D75F54124}.Debug|Any CPU.Build.0 = Debug|Any CPU
		{7EC77344-2599-4773-905A-382D75F54124}.Release|Any CPU.ActiveCfg = Release|Any CPU
		{7EC77344-2599-4773-905A-382D75F54124}.Release|Any CPU.Build.0 = Release|Any CPU
		{42A7AFFB-A68C-4F18-BD33-247A81B1B127}.Debug|Any CPU.ActiveCfg = Debug|Any CPU
		{42A7AFFB-A68C-4F18-BD33-247A81B1B127}.Debug|Any CPU.Build.0 = Debug|Any CPU
		{42A7AFFB-A68C-4F18-BD33-247A81B1B127}.Release|Any CPU.ActiveCfg = Release|Any CPU
		{42A7AFFB-A68C-4F18-BD33-247A81B1B127}.Release|Any CPU.Build.0 = Release|Any CPU
		{4600F5E1-D74C-448C-BF82-56F534E5FC15}.Debug|Any CPU.ActiveCfg = Debug|Any CPU
		{4600F5E1-D74C-448C-BF82-56F534E5FC15}.Debug|Any CPU.Build.0 = Debug|Any CPU
		{4600F5E1-D74C-448C-BF82-56F534E5FC15}.Release|Any CPU.ActiveCfg = Release|Any CPU
		{4600F5E1-D74C-448C-BF82-56F534E5FC15}.Release|Any CPU.Build.0 = Release|Any CPU
		{82687B51-D986-4452-8FF9-40EE2AC617D4}.Debug|Any CPU.ActiveCfg = Debug|Any CPU
		{82687B51-D986-4452-8FF9-40EE2AC617D4}.Debug|Any CPU.Build.0 = Debug|Any CPU
		{82687B51-D986-4452-8FF9-40EE2AC617D4}.Release|Any CPU.ActiveCfg = Release|Any CPU
		{82687B51-D986-4452-8FF9-40EE2AC617D4}.Release|Any CPU.Build.0 = Release|Any CPU
		{D1DC60E1-9CDB-4161-99E0-B604FB061F90}.Debug|Any CPU.ActiveCfg = Debug|Any CPU
		{D1DC60E1-9CDB-4161-99E0-B604FB061F90}.Debug|Any CPU.Build.0 = Debug|Any CPU
		{D1DC60E1-9CDB-4161-99E0-B604FB061F90}.Release|Any CPU.ActiveCfg = Release|Any CPU
		{D1DC60E1-9CDB-4161-99E0-B604FB061F90}.Release|Any CPU.Build.0 = Release|Any CPU
		{07D09C19-36EC-48F1-A702-5C299E2028EA}.Debug|Any CPU.ActiveCfg = Debug|Any CPU
		{07D09C19-36EC-48F1-A702-5C299E2028EA}.Debug|Any CPU.Build.0 = Debug|Any CPU
		{07D09C19-36EC-48F1-A702-5C299E2028EA}.Release|Any CPU.ActiveCfg = Release|Any CPU
		{07D09C19-36EC-48F1-A702-5C299E2028EA}.Release|Any CPU.Build.0 = Release|Any CPU
		{A2354B7C-AD1A-40E1-8EB1-3A6ADD3D62A9}.Debug|Any CPU.ActiveCfg = Debug|Any CPU
		{A2354B7C-AD1A-40E1-8EB1-3A6ADD3D62A9}.Debug|Any CPU.Build.0 = Debug|Any CPU
		{A2354B7C-AD1A-40E1-8EB1-3A6ADD3D62A9}.Release|Any CPU.ActiveCfg = Release|Any CPU
		{A2354B7C-AD1A-40E1-8EB1-3A6ADD3D62A9}.Release|Any CPU.Build.0 = Release|Any CPU
		{6BF3FE83-2675-4502-A107-9007FB769FE1}.Debug|Any CPU.ActiveCfg = Debug|Any CPU
		{6BF3FE83-2675-4502-A107-9007FB769FE1}.Debug|Any CPU.Build.0 = Debug|Any CPU
		{6BF3FE83-2675-4502-A107-9007FB769FE1}.Release|Any CPU.ActiveCfg = Release|Any CPU
		{6BF3FE83-2675-4502-A107-9007FB769FE1}.Release|Any CPU.Build.0 = Release|Any CPU
		{0BCC439F-A95E-4E17-A5A5-517FAA8B168D}.Debug|Any CPU.ActiveCfg = Debug|Any CPU
		{0BCC439F-A95E-4E17-A5A5-517FAA8B168D}.Debug|Any CPU.Build.0 = Debug|Any CPU
		{0BCC439F-A95E-4E17-A5A5-517FAA8B168D}.Release|Any CPU.ActiveCfg = Release|Any CPU
		{0BCC439F-A95E-4E17-A5A5-517FAA8B168D}.Release|Any CPU.Build.0 = Release|Any CPU
		{4F13EB13-AF02-41C0-98DE-C3D254BD2C19}.Debug|Any CPU.ActiveCfg = Debug|Any CPU
		{4F13EB13-AF02-41C0-98DE-C3D254BD2C19}.Debug|Any CPU.Build.0 = Debug|Any CPU
		{4F13EB13-AF02-41C0-98DE-C3D254BD2C19}.Release|Any CPU.ActiveCfg = Release|Any CPU
		{4F13EB13-AF02-41C0-98DE-C3D254BD2C19}.Release|Any CPU.Build.0 = Release|Any CPU
		{B5C0F8C0-E405-4225-A824-5FA643741FD8}.Debug|Any CPU.ActiveCfg = Debug|Any CPU
		{B5C0F8C0-E405-4225-A824-5FA643741FD8}.Debug|Any CPU.Build.0 = Debug|Any CPU
		{B5C0F8C0-E405-4225-A824-5FA643741FD8}.Release|Any CPU.ActiveCfg = Release|Any CPU
		{B5C0F8C0-E405-4225-A824-5FA643741FD8}.Release|Any CPU.Build.0 = Release|Any CPU
		{1FCA9C68-2669-4E30-9A62-EAABC5BC74A6}.Debug|Any CPU.ActiveCfg = Debug|Any CPU
		{1FCA9C68-2669-4E30-9A62-EAABC5BC74A6}.Debug|Any CPU.Build.0 = Debug|Any CPU
		{1FCA9C68-2669-4E30-9A62-EAABC5BC74A6}.Release|Any CPU.ActiveCfg = Release|Any CPU
		{1FCA9C68-2669-4E30-9A62-EAABC5BC74A6}.Release|Any CPU.Build.0 = Release|Any CPU
		{9C0EBF1E-5CE2-4D2D-8EC1-E4E79FA204AC}.Debug|Any CPU.ActiveCfg = Debug|Any CPU
		{9C0EBF1E-5CE2-4D2D-8EC1-E4E79FA204AC}.Debug|Any CPU.Build.0 = Debug|Any CPU
		{9C0EBF1E-5CE2-4D2D-8EC1-E4E79FA204AC}.Release|Any CPU.ActiveCfg = Release|Any CPU
		{9C0EBF1E-5CE2-4D2D-8EC1-E4E79FA204AC}.Release|Any CPU.Build.0 = Release|Any CPU
		{2CC6B8C7-7F14-43C4-BED4-074C6189B6FB}.Debug|Any CPU.ActiveCfg = Debug|Any CPU
		{2CC6B8C7-7F14-43C4-BED4-074C6189B6FB}.Debug|Any CPU.Build.0 = Debug|Any CPU
		{2CC6B8C7-7F14-43C4-BED4-074C6189B6FB}.Release|Any CPU.ActiveCfg = Release|Any CPU
		{2CC6B8C7-7F14-43C4-BED4-074C6189B6FB}.Release|Any CPU.Build.0 = Release|Any CPU
		{BCD8EF9E-6CA3-43FA-AD31-AF799D305CDF}.Debug|Any CPU.ActiveCfg = Debug|Any CPU
		{BCD8EF9E-6CA3-43FA-AD31-AF799D305CDF}.Debug|Any CPU.Build.0 = Debug|Any CPU
		{BCD8EF9E-6CA3-43FA-AD31-AF799D305CDF}.Release|Any CPU.ActiveCfg = Release|Any CPU
		{BCD8EF9E-6CA3-43FA-AD31-AF799D305CDF}.Release|Any CPU.Build.0 = Release|Any CPU
	EndGlobalSection
	GlobalSection(SolutionProperties) = preSolution
		HideSolutionNode = FALSE
	EndGlobalSection
	GlobalSection(NestedProjects) = preSolution
		{AB2CDF35-7314-4068-8E44-AB1D149751FD} = {7BC69324-F042-4D5E-96E1-5DDD054A17C1}
		{6B2229A0-47F9-40BF-83CA-C8FE27916C43} = {7BC69324-F042-4D5E-96E1-5DDD054A17C1}
		{993F7094-6B9E-4F28-AE67-62166D46224F} = {7BC69324-F042-4D5E-96E1-5DDD054A17C1}
		{050BC3F1-DB56-43AD-99B0-429E7692B5D2} = {7BC69324-F042-4D5E-96E1-5DDD054A17C1}
		{7EC77344-2599-4773-905A-382D75F54124} = {7BC69324-F042-4D5E-96E1-5DDD054A17C1}
		{42A7AFFB-A68C-4F18-BD33-247A81B1B127} = {7FC3AA84-D4C1-4B72-BBB5-B8AFB507AD13}
		{4600F5E1-D74C-448C-BF82-56F534E5FC15} = {7FC3AA84-D4C1-4B72-BBB5-B8AFB507AD13}
		{82687B51-D986-4452-8FF9-40EE2AC617D4} = {7FC3AA84-D4C1-4B72-BBB5-B8AFB507AD13}
		{D1DC60E1-9CDB-4161-99E0-B604FB061F90} = {7FC3AA84-D4C1-4B72-BBB5-B8AFB507AD13}
		{07D09C19-36EC-48F1-A702-5C299E2028EA} = {7FC3AA84-D4C1-4B72-BBB5-B8AFB507AD13}
		{A2354B7C-AD1A-40E1-8EB1-3A6ADD3D62A9} = {49D72064-C5C4-45C9-BA1F-5FB73E26A680}
		{6BF3FE83-2675-4502-A107-9007FB769FE1} = {49D72064-C5C4-45C9-BA1F-5FB73E26A680}
		{0BCC439F-A95E-4E17-A5A5-517FAA8B168D} = {49D72064-C5C4-45C9-BA1F-5FB73E26A680}
		{4F13EB13-AF02-41C0-98DE-C3D254BD2C19} = {49D72064-C5C4-45C9-BA1F-5FB73E26A680}
		{B5C0F8C0-E405-4225-A824-5FA643741FD8} = {053B9F56-5960-4B6A-8D02-2595B7E4F2A1}
		{1FCA9C68-2669-4E30-9A62-EAABC5BC74A6} = {053B9F56-5960-4B6A-8D02-2595B7E4F2A1}
		{9C0EBF1E-5CE2-4D2D-8EC1-E4E79FA204AC} = {053B9F56-5960-4B6A-8D02-2595B7E4F2A1}
		{2CC6B8C7-7F14-43C4-BED4-074C6189B6FB} = {053B9F56-5960-4B6A-8D02-2595B7E4F2A1}
		{BCD8EF9E-6CA3-43FA-AD31-AF799D305CDF} = {2CD9222A-F570-40B6-A5A6-A6CB34916C9A}
	EndGlobalSection
	GlobalSection(ExtensibilityGlobals) = postSolution
		SolutionGuid = {C763F8A1-79F8-47AF-A977-30A1B28DA930}
	EndGlobalSection
EndGlobal
